<?xml version="1.0" encoding="utf-8"?>
<Project ToolsVersion="4.0" xmlns="http://schemas.microsoft.com/developer/msbuild/2003">
  <ItemGroup>
    <Filter Include="Source Files">
      <UniqueIdentifier>{4FC737F1-C7A5-4376-A066-2A32D752A2FF}</UniqueIdentifier>
      <Extensions>cpp;c;cc;cxx;def;odl;idl;hpj;bat;asm;asmx</Extensions>
    </Filter>
    <Filter Include="Header Files">
      <UniqueIdentifier>{93995380-89BD-4b04-88EB-625FBE52EBFB}</UniqueIdentifier>
      <Extensions>h;hpp;hxx;hm;inl;inc;xsd</Extensions>
    </Filter>
    <Filter Include="Resource Files">
      <UniqueIdentifier>{67DA6AB6-F800-4c08-8B7A-83BB121AAD01}</UniqueIdentifier>
      <Extensions>rc;ico;cur;bmp;dlg;rc2;rct;bin;rgs;gif;jpg;jpeg;jpe;resx;tiff;tif;png;wav;mfcribbon-ms</Extensions>
    </Filter>
  </ItemGroup>
  <ItemGroup>
    <ClCompile Include="Tests\testVectorManager.cpp">
      <Filter>Source Files</Filter>
    </ClCompile>
    <ClCompile Include="Tests\testRefCountPtr.cpp">
      <Filter>Source Files</Filter>
    </ClCompile>
    <ClCompile Include="demoPC\Game\MainMenu\MainMenuController.cpp">
      <Filter>Source Files</Filter>
    </ClCompile>
    <ClCompile Include="demoPC\Game\CameraController.cpp">
      <Filter>Source Files</Filter>
    </ClCompile>
    <ClCompile Include="demoPC\Game\MainController.cpp">
      <Filter>Source Files</Filter>
    </ClCompile>
    <ClCompile Include="demoPC\FixedStepController.cpp">
      <Filter>Source Files</Filter>
    </ClCompile>
    <ClCompile Include="demoPC\main.cpp">
      <Filter>Source Files</Filter>
    </ClCompile>
    <ClCompile Include="illPhysFs\PhysFsFile.cpp">
      <Filter>Source Files</Filter>
    </ClCompile>
    <ClCompile Include="serial-illConsole\consoleConsole.cpp">
      <Filter>Source Files</Filter>
    </ClCompile>
    <ClCompile Include="serial-illConsole\DeveloperConsole.cpp">
      <Filter>Source Files</Filter>
    </ClCompile>
    <ClCompile Include="serial-illGlCommon\GlRenderer.cpp">
      <Filter>Source Files</Filter>
    </ClCompile>
    <ClCompile Include="serial-illGlCommon\loadMesh.cpp">
      <Filter>Source Files</Filter>
    </ClCompile>
    <ClCompile Include="serial-illGlCommon\loadShader.cpp">
      <Filter>Source Files</Filter>
    </ClCompile>
    <ClCompile Include="serial-illGlCommon\loadShaderProgram.cpp">
      <Filter>Source Files</Filter>
    </ClCompile>
    <ClCompile Include="serial-illGlCommon\loadTexture.cpp">
      <Filter>Source Files</Filter>
    </ClCompile>
    <ClCompile Include="serial-illGraphics\Material\Shader.cpp">
      <Filter>Source Files</Filter>
    </ClCompile>
    <ClCompile Include="serial-illGraphics\Material\ShaderProgram.cpp">
      <Filter>Source Files</Filter>
    </ClCompile>
    <ClCompile Include="serial-illGraphics\Material\Texture.cpp">
      <Filter>Source Files</Filter>
    </ClCompile>
    <ClCompile Include="serial-illGraphics\Model\Mesh.cpp">
      <Filter>Source Files</Filter>
    </ClCompile>
    <ClCompile Include="serial-illGraphics\Model\ModelAnimationController.cpp">
      <Filter>Source Files</Filter>
    </ClCompile>
    <ClCompile Include="serial-illGraphics\Model\Skeleton.cpp">
      <Filter>Source Files</Filter>
    </ClCompile>
    <ClCompile Include="serial-illGraphics\Model\SkeletonAnimation.cpp">
      <Filter>Source Files</Filter>
    </ClCompile>
    <ClCompile Include="serial-illInput\InputContext.cpp">
      <Filter>Source Files</Filter>
    </ClCompile>
    <ClCompile Include="serial-illInput\InputContextStack.cpp">
      <Filter>Source Files</Filter>
    </ClCompile>
    <ClCompile Include="serial-illInput\InputManager.cpp">
      <Filter>Source Files</Filter>
    </ClCompile>
    <ClCompile Include="serial-illPC\SdlWindow.cpp">
      <Filter>Source Files</Filter>
    </ClCompile>
    <ClCompile Include="serial-illUtil\util.cpp">
      <Filter>Source Files</Filter>
    </ClCompile>
    <ClCompile Include="illPhysFs\PhysFsFileSystem.cpp">
      <Filter>Source Files</Filter>
    </ClCompile>
    <ClCompile Include="Tests\testEndian.cpp">
      <Filter>Source Files</Filter>
    </ClCompile>
    <ClCompile Include="serial-illLogging\Logger.cpp">
      <Filter>Source Files</Filter>
    </ClCompile>
  </ItemGroup>
  <ItemGroup>
    <ClInclude Include="Tests\tests.h">
      <Filter>Header Files</Filter>
    </ClInclude>
    <ClInclude Include="illFileSystem\File.h">
      <Filter>Header Files</Filter>
    </ClInclude>
    <ClInclude Include="illFileSystem\FileSystem.h">
      <Filter>Header Files</Filter>
    </ClInclude>
    <ClInclude Include="demoPC\Game\MainMenu\MainMenuController.h">
      <Filter>Header Files</Filter>
    </ClInclude>
    <ClInclude Include="demoPC\Game\CameraController.h">
      <Filter>Header Files</Filter>
    </ClInclude>
    <ClInclude Include="demoPC\Game\MainController.h">
      <Filter>Header Files</Filter>
    </ClInclude>
    <ClInclude Include="demoPC\Engine.h">
      <Filter>Header Files</Filter>
    </ClInclude>
    <ClInclude Include="demoPC\FixedStepController.h">
      <Filter>Header Files</Filter>
    </ClInclude>
    <ClInclude Include="demoPC\GameControllerBase.h">
      <Filter>Header Files</Filter>
    </ClInclude>
    <ClInclude Include="illPhysFs\PhysFsFile.h">
      <Filter>Header Files</Filter>
    </ClInclude>
    <ClInclude Include="illPhysFs\PhysFsFileSystem.h">
      <Filter>Header Files</Filter>
    </ClInclude>
    <ClInclude Include="serial-illConsole\consoleConsole.h">
      <Filter>Header Files</Filter>
    </ClInclude>
    <ClInclude Include="serial-illConsole\ConsoleVariable.h">
      <Filter>Header Files</Filter>
    </ClInclude>
    <ClInclude Include="serial-illConsole\DeveloperConsole.h">
      <Filter>Header Files</Filter>
    </ClInclude>
    <ClInclude Include="serial-illConsole\VariableManager.h">
      <Filter>Header Files</Filter>
    </ClInclude>
    <ClInclude Include="serial-illGlCommon\glLogging.h">
      <Filter>Header Files</Filter>
    </ClInclude>
    <ClInclude Include="serial-illGlCommon\GlRenderer.h">
      <Filter>Header Files</Filter>
    </ClInclude>
    <ClInclude Include="serial-illGraphics\Camera\Camera.h">
      <Filter>Header Files</Filter>
    </ClInclude>
    <ClInclude Include="serial-illGraphics\Camera\CameraTransform.h">
      <Filter>Header Files</Filter>
    </ClInclude>
    <ClInclude Include="serial-illGraphics\Material\Material.h">
      <Filter>Header Files</Filter>
    </ClInclude>
    <ClInclude Include="serial-illGraphics\Material\Shader.h">
      <Filter>Header Files</Filter>
    </ClInclude>
    <ClInclude Include="serial-illGraphics\Material\ShaderProgram.h">
      <Filter>Header Files</Filter>
    </ClInclude>
    <ClInclude Include="serial-illGraphics\Material\Texture.h">
      <Filter>Header Files</Filter>
    </ClInclude>
    <ClInclude Include="serial-illGraphics\Model\Mesh.h">
      <Filter>Header Files</Filter>
    </ClInclude>
    <ClInclude Include="serial-illGraphics\Model\ModelAnimationController.h">
      <Filter>Header Files</Filter>
    </ClInclude>
    <ClInclude Include="serial-illGraphics\Model\Skeleton.h">
      <Filter>Header Files</Filter>
    </ClInclude>
    <ClInclude Include="serial-illGraphics\Model\SkeletonAnimation.h">
      <Filter>Header Files</Filter>
    </ClInclude>
    <ClInclude Include="serial-illGraphics\Scene\GraphicsScene.h">
      <Filter>Header Files</Filter>
    </ClInclude>
    <ClInclude Include="serial-illGraphics\Effect.h">
      <Filter>Header Files</Filter>
    </ClInclude>
    <ClInclude Include="serial-illGraphics\graphicsLogging.h">
      <Filter>Header Files</Filter>
    </ClInclude>
    <ClInclude Include="serial-illGraphics\Light.h">
      <Filter>Header Files</Filter>
    </ClInclude>
    <ClInclude Include="serial-illGraphics\RendererBackend.h">
      <Filter>Header Files</Filter>
    </ClInclude>
    <ClInclude Include="serial-illGraphics\RendererFrontent.h">
      <Filter>Header Files</Filter>
    </ClInclude>
    <ClInclude Include="serial-illGraphics\Window.h">
      <Filter>Header Files</Filter>
    </ClInclude>
    <ClInclude Include="serial-illInput\inputAxisEnum.h">
      <Filter>Header Files</Filter>
    </ClInclude>
    <ClInclude Include="serial-illInput\InputBinding.h">
      <Filter>Header Files</Filter>
    </ClInclude>
    <ClInclude Include="serial-illInput\InputContext.h">
      <Filter>Header Files</Filter>
    </ClInclude>
    <ClInclude Include="serial-illInput\InputContextStack.h">
      <Filter>Header Files</Filter>
    </ClInclude>
    <ClInclude Include="serial-illInput\InputListenerBase.h">
      <Filter>Header Files</Filter>
    </ClInclude>
    <ClInclude Include="serial-illInput\InputListenerRange.h">
      <Filter>Header Files</Filter>
    </ClInclude>
    <ClInclude Include="serial-illInput\InputListenerState.h">
      <Filter>Header Files</Filter>
    </ClInclude>
    <ClInclude Include="serial-illInput\InputManager.h">
      <Filter>Header Files</Filter>
    </ClInclude>
    <ClInclude Include="serial-illPC\sdlInputEnum.h">
      <Filter>Header Files</Filter>
    </ClInclude>
    <ClInclude Include="serial-illPC\SdlWindow.h">
      <Filter>Header Files</Filter>
    </ClInclude>
    <ClInclude Include="serial-illUtil\Geometry\BoundingVolume.h">
      <Filter>Header Files</Filter>
    </ClInclude>
    <ClInclude Include="serial-illUtil\Geometry\Box.h">
      <Filter>Header Files</Filter>
    </ClInclude>
    <ClInclude Include="serial-illUtil\Geometry\BoxIterator.h">
      <Filter>Header Files</Filter>
    </ClInclude>
    <ClInclude Include="serial-illUtil\Geometry\Frustum.h">
      <Filter>Header Files</Filter>
    </ClInclude>
    <ClInclude Include="serial-illUtil\Geometry\FrustumIterator-old.h">
      <Filter>Header Files</Filter>
    </ClInclude>
    <ClInclude Include="serial-illUtil\Geometry\FrustumIterator.h">
      <Filter>Header Files</Filter>
    </ClInclude>
    <ClInclude Include="serial-illUtil\Geometry\geomUtil.h">
      <Filter>Header Files</Filter>
    </ClInclude>
    <ClInclude Include="serial-illUtil\Geometry\GridVolume3D.h">
      <Filter>Header Files</Filter>
    </ClInclude>
    <ClInclude Include="serial-illUtil\Geometry\LineIterator.h">
      <Filter>Header Files</Filter>
    </ClInclude>
    <ClInclude Include="serial-illUtil\Geometry\MeshData.h">
      <Filter>Header Files</Filter>
    </ClInclude>
    <ClInclude Include="serial-illUtil\Geometry\MeshEdgeList.h">
      <Filter>Header Files</Filter>
    </ClInclude>
    <ClInclude Include="serial-illUtil\Geometry\Plane.h">
      <Filter>Header Files</Filter>
    </ClInclude>
    <ClInclude Include="serial-illUtil\Geometry\Sphere.h">
      <Filter>Header Files</Filter>
    </ClInclude>
    <ClInclude Include="serial-illUtil\Geometry\Transform.h">
      <Filter>Header Files</Filter>
    </ClInclude>
    <ClInclude Include="serial-illUtil\Illmesh\IllmeshLoader.h">
      <Filter>Header Files</Filter>
    </ClInclude>
    <ClInclude Include="serial-illUtil\casting.h">
      <Filter>Header Files</Filter>
    </ClInclude>
    <ClInclude Include="serial-illUtil\LruCache.h">
      <Filter>Header Files</Filter>
    </ClInclude>
    <ClInclude Include="serial-illUtil\RefCountPtr.h">
      <Filter>Header Files</Filter>
    </ClInclude>
    <ClInclude Include="serial-illUtil\ResourceBase.h">
      <Filter>Header Files</Filter>
    </ClInclude>
    <ClInclude Include="serial-illUtil\ResourceManager.h">
      <Filter>Header Files</Filter>
    </ClInclude>
    <ClInclude Include="serial-illUtil\UidGenerator.h">
      <Filter>Header Files</Filter>
    </ClInclude>
    <ClInclude Include="serial-illUtil\util.h">
      <Filter>Header Files</Filter>
    </ClInclude>
    <ClInclude Include="serial-illUtil\VectorManager.h">
      <Filter>Header Files</Filter>
    </ClInclude>
    <ClInclude Include="illUtil\endian.h">
      <Filter>Header Files</Filter>
    </ClInclude>
    <ClInclude Include="serial-illLogging\LogDestination.h">
      <Filter>Header Files</Filter>
    </ClInclude>
    <ClInclude Include="serial-illLogging\logging.h">
      <Filter>Header Files</Filter>
    </ClInclude>
    <ClInclude Include="serial-illLogging\Logger.h">
      <Filter>Header Files</Filter>
    </ClInclude>
  </ItemGroup>
</Project>